// !$*UTF8*$!
{
	archiveVersion = 1;
	classes = {
	};
	objectVersion = 56;
	objects = {

/* Begin PBXBuildFile section */
		DE7D55BA2B750BB50060BE42 /* AppDelegate.swift in Sources */ = {isa = PBXBuildFile; fileRef = DE7D55B92B750BB50060BE42 /* AppDelegate.swift */; };
		DE7D55BC2B750BB50060BE42 /* SceneDelegate.swift in Sources */ = {isa = PBXBuildFile; fileRef = DE7D55BB2B750BB50060BE42 /* SceneDelegate.swift */; };
		DE7D55BE2B750BB50060BE42 /* ViewController.swift in Sources */ = {isa = PBXBuildFile; fileRef = DE7D55BD2B750BB50060BE42 /* ViewController.swift */; };
		DE7D55C12B750BB50060BE42 /* Main.storyboard in Resources */ = {isa = PBXBuildFile; fileRef = DE7D55BF2B750BB50060BE42 /* Main.storyboard */; };
		DE7D55C32B750BB60060BE42 /* Assets.xcassets in Resources */ = {isa = PBXBuildFile; fileRef = DE7D55C22B750BB60060BE42 /* Assets.xcassets */; };
		DE7D55C62B750BB60060BE42 /* LaunchScreen.storyboard in Resources */ = {isa = PBXBuildFile; fileRef = DE7D55C42B750BB60060BE42 /* LaunchScreen.storyboard */; };
		DE7D55CE2B750BDE0060BE42 /* .gitignore in Resources */ = {isa = PBXBuildFile; fileRef = DE7D55CD2B750BDE0060BE42 /* .gitignore */; };
		DE7D55D02B750BF10060BE42 /* APIKey.swift in Sources */ = {isa = PBXBuildFile; fileRef = DE7D55CF2B750BF10060BE42 /* APIKey.swift */; };
		DE7D55D42B750CE00060BE42 /* SnapKit in Frameworks */ = {isa = PBXBuildFile; productRef = DE7D55D32B750CE00060BE42 /* SnapKit */; };
		DE7D55D72B750CF50060BE42 /* Alamofire in Frameworks */ = {isa = PBXBuildFile; productRef = DE7D55D62B750CF50060BE42 /* Alamofire */; };
		DE7D55DA2B750CFC0060BE42 /* Kingfisher in Frameworks */ = {isa = PBXBuildFile; productRef = DE7D55D92B750CFC0060BE42 /* Kingfisher */; };
		DE7D55DC2B750D0B0060BE42 /* BaseViewController.swift in Sources */ = {isa = PBXBuildFile; fileRef = DE7D55DB2B750D0B0060BE42 /* BaseViewController.swift */; };
		DE7D55DE2B750D570060BE42 /* HomeViewController.swift in Sources */ = {isa = PBXBuildFile; fileRef = DE7D55DD2B750D570060BE42 /* HomeViewController.swift */; };
		DE7D55E32B750D800060BE42 /* CitySearchViewController.swift in Sources */ = {isa = PBXBuildFile; fileRef = DE7D55E22B750D800060BE42 /* CitySearchViewController.swift */; };
		DE7D55E52B750D8A0060BE42 /* MapViewController.swift in Sources */ = {isa = PBXBuildFile; fileRef = DE7D55E42B750D8A0060BE42 /* MapViewController.swift */; };
		DE7D55E82B750F8E0060BE42 /* UIView+Extension.swift in Sources */ = {isa = PBXBuildFile; fileRef = DE7D55E72B750F8E0060BE42 /* UIView+Extension.swift */; };
		DE7D55EC2B7510DA0060BE42 /* BaseTableViewCell.swift in Sources */ = {isa = PBXBuildFile; fileRef = DE7D55EB2B7510DA0060BE42 /* BaseTableViewCell.swift */; };
		DE7D55EF2B7650520060BE42 /* OpenWeatherAPIManager.swift in Sources */ = {isa = PBXBuildFile; fileRef = DE7D55EE2B7650520060BE42 /* OpenWeatherAPIManager.swift */; };
		DE7D55F12B76525C0060BE42 /* WeatherModel.swift in Sources */ = {isa = PBXBuildFile; fileRef = DE7D55F02B76525C0060BE42 /* WeatherModel.swift */; };
		DE7D56032B78FBCE0060BE42 /* WeatherLabel.swift in Sources */ = {isa = PBXBuildFile; fileRef = DE7D56022B78FBCE0060BE42 /* WeatherLabel.swift */; };
		DE7D56052B79034C0060BE42 /* WeatherDaily.swift in Sources */ = {isa = PBXBuildFile; fileRef = DE7D56042B79034C0060BE42 /* WeatherDaily.swift */; };
		DE7D56072B7B235F0060BE42 /* DailyForecastCollectionViewCell.swift in Sources */ = {isa = PBXBuildFile; fileRef = DE7D56062B7B235F0060BE42 /* DailyForecastCollectionViewCell.swift */; };
		DE7D56092B7B23960060BE42 /* BaseCollectionViewCell.swift in Sources */ = {isa = PBXBuildFile; fileRef = DE7D56082B7B23960060BE42 /* BaseCollectionViewCell.swift */; };
		DE7D560B2B7B31C70060BE42 /* DayTableViewCell.swift in Sources */ = {isa = PBXBuildFile; fileRef = DE7D560A2B7B31C70060BE42 /* DayTableViewCell.swift */; };
		DE7D560F2B7B592B0060BE42 /* DayWeatherInfo.swift in Sources */ = {isa = PBXBuildFile; fileRef = DE7D560E2B7B592B0060BE42 /* DayWeatherInfo.swift */; };
		DE7D56112B7B65D70060BE42 /* BaseView.swift in Sources */ = {isa = PBXBuildFile; fileRef = DE7D56102B7B65D70060BE42 /* BaseView.swift */; };
		DE7D56132B7B65FC0060BE42 /* HomeView.swift in Sources */ = {isa = PBXBuildFile; fileRef = DE7D56122B7B65FC0060BE42 /* HomeView.swift */; };
		DE7D56152B7B6F810060BE42 /* CitySearchView.swift in Sources */ = {isa = PBXBuildFile; fileRef = DE7D56142B7B6F810060BE42 /* CitySearchView.swift */; };
		DE7D56172B7B6FCF0060BE42 /* CitySearchTableViewCell.swift in Sources */ = {isa = PBXBuildFile; fileRef = DE7D56162B7B6FCF0060BE42 /* CitySearchTableViewCell.swift */; };
		DE7D56192B7B7A0E0060BE42 /* CityList.json in Resources */ = {isa = PBXBuildFile; fileRef = DE7D56182B7B7A0E0060BE42 /* CityList.json */; };
		DE7D561D2B7B7A650060BE42 /* CityList.swift in Sources */ = {isa = PBXBuildFile; fileRef = DE7D561C2B7B7A650060BE42 /* CityList.swift */; };
/* End PBXBuildFile section */

/* Begin PBXFileReference section */
		DE7D55B62B750BB50060BE42 /* WeatherProj.app */ = {isa = PBXFileReference; explicitFileType = wrapper.application; includeInIndex = 0; path = WeatherProj.app; sourceTree = BUILT_PRODUCTS_DIR; };
		DE7D55B92B750BB50060BE42 /* AppDelegate.swift */ = {isa = PBXFileReference; lastKnownFileType = sourcecode.swift; path = AppDelegate.swift; sourceTree = "<group>"; };
		DE7D55BB2B750BB50060BE42 /* SceneDelegate.swift */ = {isa = PBXFileReference; lastKnownFileType = sourcecode.swift; path = SceneDelegate.swift; sourceTree = "<group>"; };
		DE7D55BD2B750BB50060BE42 /* ViewController.swift */ = {isa = PBXFileReference; lastKnownFileType = sourcecode.swift; path = ViewController.swift; sourceTree = "<group>"; };
		DE7D55C02B750BB50060BE42 /* Base */ = {isa = PBXFileReference; lastKnownFileType = file.storyboard; name = Base; path = Base.lproj/Main.storyboard; sourceTree = "<group>"; };
		DE7D55C22B750BB60060BE42 /* Assets.xcassets */ = {isa = PBXFileReference; lastKnownFileType = folder.assetcatalog; path = Assets.xcassets; sourceTree = "<group>"; };
		DE7D55C52B750BB60060BE42 /* Base */ = {isa = PBXFileReference; lastKnownFileType = file.storyboard; name = Base; path = Base.lproj/LaunchScreen.storyboard; sourceTree = "<group>"; };
		DE7D55C72B750BB60060BE42 /* Info.plist */ = {isa = PBXFileReference; lastKnownFileType = text.plist.xml; path = Info.plist; sourceTree = "<group>"; };
		DE7D55CD2B750BDE0060BE42 /* .gitignore */ = {isa = PBXFileReference; lastKnownFileType = text; path = .gitignore; sourceTree = "<group>"; };
		DE7D55CF2B750BF10060BE42 /* APIKey.swift */ = {isa = PBXFileReference; lastKnownFileType = sourcecode.swift; path = APIKey.swift; sourceTree = "<group>"; };
		DE7D55DB2B750D0B0060BE42 /* BaseViewController.swift */ = {isa = PBXFileReference; lastKnownFileType = sourcecode.swift; path = BaseViewController.swift; sourceTree = "<group>"; };
		DE7D55DD2B750D570060BE42 /* HomeViewController.swift */ = {isa = PBXFileReference; lastKnownFileType = sourcecode.swift; path = HomeViewController.swift; sourceTree = "<group>"; };
		DE7D55E22B750D800060BE42 /* CitySearchViewController.swift */ = {isa = PBXFileReference; lastKnownFileType = sourcecode.swift; path = CitySearchViewController.swift; sourceTree = "<group>"; };
		DE7D55E42B750D8A0060BE42 /* MapViewController.swift */ = {isa = PBXFileReference; lastKnownFileType = sourcecode.swift; path = MapViewController.swift; sourceTree = "<group>"; };
		DE7D55E72B750F8E0060BE42 /* UIView+Extension.swift */ = {isa = PBXFileReference; lastKnownFileType = sourcecode.swift; path = "UIView+Extension.swift"; sourceTree = "<group>"; };
		DE7D55EB2B7510DA0060BE42 /* BaseTableViewCell.swift */ = {isa = PBXFileReference; lastKnownFileType = sourcecode.swift; path = BaseTableViewCell.swift; sourceTree = "<group>"; };
		DE7D55EE2B7650520060BE42 /* OpenWeatherAPIManager.swift */ = {isa = PBXFileReference; lastKnownFileType = sourcecode.swift; path = OpenWeatherAPIManager.swift; sourceTree = "<group>"; };
		DE7D55F02B76525C0060BE42 /* WeatherModel.swift */ = {isa = PBXFileReference; lastKnownFileType = sourcecode.swift; path = WeatherModel.swift; sourceTree = "<group>"; };
		DE7D56022B78FBCE0060BE42 /* WeatherLabel.swift */ = {isa = PBXFileReference; lastKnownFileType = sourcecode.swift; path = WeatherLabel.swift; sourceTree = "<group>"; };
		DE7D56042B79034C0060BE42 /* WeatherDaily.swift */ = {isa = PBXFileReference; lastKnownFileType = sourcecode.swift; path = WeatherDaily.swift; sourceTree = "<group>"; };
		DE7D56062B7B235F0060BE42 /* DailyForecastCollectionViewCell.swift */ = {isa = PBXFileReference; lastKnownFileType = sourcecode.swift; path = DailyForecastCollectionViewCell.swift; sourceTree = "<group>"; };
		DE7D56082B7B23960060BE42 /* BaseCollectionViewCell.swift */ = {isa = PBXFileReference; lastKnownFileType = sourcecode.swift; path = BaseCollectionViewCell.swift; sourceTree = "<group>"; };
		DE7D560A2B7B31C70060BE42 /* DayTableViewCell.swift */ = {isa = PBXFileReference; lastKnownFileType = sourcecode.swift; path = DayTableViewCell.swift; sourceTree = "<group>"; };
		DE7D560E2B7B592B0060BE42 /* DayWeatherInfo.swift */ = {isa = PBXFileReference; lastKnownFileType = sourcecode.swift; path = DayWeatherInfo.swift; sourceTree = "<group>"; };
		DE7D56102B7B65D70060BE42 /* BaseView.swift */ = {isa = PBXFileReference; lastKnownFileType = sourcecode.swift; path = BaseView.swift; sourceTree = "<group>"; };
		DE7D56122B7B65FC0060BE42 /* HomeView.swift */ = {isa = PBXFileReference; lastKnownFileType = sourcecode.swift; path = HomeView.swift; sourceTree = "<group>"; };
		DE7D56142B7B6F810060BE42 /* CitySearchView.swift */ = {isa = PBXFileReference; lastKnownFileType = sourcecode.swift; path = CitySearchView.swift; sourceTree = "<group>"; };
		DE7D56162B7B6FCF0060BE42 /* CitySearchTableViewCell.swift */ = {isa = PBXFileReference; lastKnownFileType = sourcecode.swift; path = CitySearchTableViewCell.swift; sourceTree = "<group>"; };
		DE7D56182B7B7A0E0060BE42 /* CityList.json */ = {isa = PBXFileReference; fileEncoding = 4; lastKnownFileType = text.json; name = CityList.json; path = "../../../Documents/새싹 강의자료/CityList.json"; sourceTree = "<group>"; };
		DE7D561B2B7B7A5C0060BE42 /* CityList.json */ = {isa = PBXFileReference; lastKnownFileType = text.json; path = CityList.json; sourceTree = "<group>"; };
		DE7D561C2B7B7A650060BE42 /* CityList.swift */ = {isa = PBXFileReference; lastKnownFileType = sourcecode.swift; path = CityList.swift; sourceTree = "<group>"; };
/* End PBXFileReference section */

/* Begin PBXFrameworksBuildPhase section */
		DE7D55B32B750BB50060BE42 /* Frameworks */ = {
			isa = PBXFrameworksBuildPhase;
			buildActionMask = 2147483647;
			files = (
				DE7D55DA2B750CFC0060BE42 /* Kingfisher in Frameworks */,
				DE7D55D42B750CE00060BE42 /* SnapKit in Frameworks */,
				DE7D55D72B750CF50060BE42 /* Alamofire in Frameworks */,
			);
			runOnlyForDeploymentPostprocessing = 0;
		};
/* End PBXFrameworksBuildPhase section */

/* Begin PBXGroup section */
		DE7D55AD2B750BB50060BE42 = {
			isa = PBXGroup;
			children = (
				DE7D55CF2B750BF10060BE42 /* APIKey.swift */,
				DE7D55CD2B750BDE0060BE42 /* .gitignore */,
				DE7D55B82B750BB50060BE42 /* WeatherProj */,
				DE7D55B72B750BB50060BE42 /* Products */,
			);
			sourceTree = "<group>";
		};
		DE7D55B72B750BB50060BE42 /* Products */ = {
			isa = PBXGroup;
			children = (
				DE7D55B62B750BB50060BE42 /* WeatherProj.app */,
			);
			name = Products;
			sourceTree = "<group>";
		};
		DE7D55B82B750BB50060BE42 /* WeatherProj */ = {
			isa = PBXGroup;
			children = (
				DE7D561A2B7B7A540060BE42 /* Data */,
				DE7D56012B78FBBD0060BE42 /* Custom */,
				DE7D55ED2B7650300060BE42 /* Network */,
				DE7D55E62B750F810060BE42 /* Extension */,
				DE7D55E12B750D6B0060BE42 /* Map */,
				DE7D55E02B750D630060BE42 /* CitySearch */,
				DE7D55DF2B750D5A0060BE42 /* Home */,
				DE7D55D12B750CCE0060BE42 /* Base */,
				DE7D55B92B750BB50060BE42 /* AppDelegate.swift */,
				DE7D55BB2B750BB50060BE42 /* SceneDelegate.swift */,
				DE7D55BD2B750BB50060BE42 /* ViewController.swift */,
				DE7D55BF2B750BB50060BE42 /* Main.storyboard */,
				DE7D55C22B750BB60060BE42 /* Assets.xcassets */,
				DE7D55C42B750BB60060BE42 /* LaunchScreen.storyboard */,
				DE7D55C72B750BB60060BE42 /* Info.plist */,
				DE7D56182B7B7A0E0060BE42 /* CityList.json */,
			);
			path = WeatherProj;
			sourceTree = "<group>";
		};
		DE7D55D12B750CCE0060BE42 /* Base */ = {
			isa = PBXGroup;
			children = (
				DE7D55DB2B750D0B0060BE42 /* BaseViewController.swift */,
				DE7D55EB2B7510DA0060BE42 /* BaseTableViewCell.swift */,
				DE7D56082B7B23960060BE42 /* BaseCollectionViewCell.swift */,
				DE7D56102B7B65D70060BE42 /* BaseView.swift */,
			);
			path = Base;
			sourceTree = "<group>";
		};
		DE7D55DF2B750D5A0060BE42 /* Home */ = {
			isa = PBXGroup;
			children = (
				DE7D55DD2B750D570060BE42 /* HomeViewController.swift */,
				DE7D56062B7B235F0060BE42 /* DailyForecastCollectionViewCell.swift */,
				DE7D560A2B7B31C70060BE42 /* DayTableViewCell.swift */,
				DE7D56122B7B65FC0060BE42 /* HomeView.swift */,
			);
			path = Home;
			sourceTree = "<group>";
		};
		DE7D55E02B750D630060BE42 /* CitySearch */ = {
			isa = PBXGroup;
			children = (
				DE7D55E22B750D800060BE42 /* CitySearchViewController.swift */,
				DE7D56142B7B6F810060BE42 /* CitySearchView.swift */,
				DE7D56162B7B6FCF0060BE42 /* CitySearchTableViewCell.swift */,
			);
			path = CitySearch;
			sourceTree = "<group>";
		};
		DE7D55E12B750D6B0060BE42 /* Map */ = {
			isa = PBXGroup;
			children = (
				DE7D55E42B750D8A0060BE42 /* MapViewController.swift */,
			);
			path = Map;
			sourceTree = "<group>";
		};
		DE7D55E62B750F810060BE42 /* Extension */ = {
			isa = PBXGroup;
			children = (
				DE7D55E72B750F8E0060BE42 /* UIView+Extension.swift */,
			);
			path = Extension;
			sourceTree = "<group>";
		};
		DE7D55ED2B7650300060BE42 /* Network */ = {
			isa = PBXGroup;
			children = (
				DE7D55EE2B7650520060BE42 /* OpenWeatherAPIManager.swift */,
				DE7D55F02B76525C0060BE42 /* WeatherModel.swift */,
				DE7D56042B79034C0060BE42 /* WeatherDaily.swift */,
			);
			path = Network;
			sourceTree = "<group>";
		};
		DE7D56012B78FBBD0060BE42 /* Custom */ = {
			isa = PBXGroup;
			children = (
				DE7D56022B78FBCE0060BE42 /* WeatherLabel.swift */,
			);
			path = Custom;
			sourceTree = "<group>";
		};
		DE7D561A2B7B7A540060BE42 /* Data */ = {
			isa = PBXGroup;
			children = (
				DE7D561B2B7B7A5C0060BE42 /* CityList.json */,
				DE7D560E2B7B592B0060BE42 /* DayWeatherInfo.swift */,
				DE7D561C2B7B7A650060BE42 /* CityList.swift */,
			);
			path = Data;
			sourceTree = "<group>";
		};
/* End PBXGroup section */

/* Begin PBXNativeTarget section */
		DE7D55B52B750BB50060BE42 /* WeatherProj */ = {
			isa = PBXNativeTarget;
			buildConfigurationList = DE7D55CA2B750BB60060BE42 /* Build configuration list for PBXNativeTarget "WeatherProj" */;
			buildPhases = (
				DE7D55B22B750BB50060BE42 /* Sources */,
				DE7D55B32B750BB50060BE42 /* Frameworks */,
				DE7D55B42B750BB50060BE42 /* Resources */,
			);
			buildRules = (
			);
			dependencies = (
			);
			name = WeatherProj;
			packageProductDependencies = (
				DE7D55D32B750CE00060BE42 /* SnapKit */,
				DE7D55D62B750CF50060BE42 /* Alamofire */,
				DE7D55D92B750CFC0060BE42 /* Kingfisher */,
			);
			productName = WeatherProj;
			productReference = DE7D55B62B750BB50060BE42 /* WeatherProj.app */;
			productType = "com.apple.product-type.application";
		};
/* End PBXNativeTarget section */

/* Begin PBXProject section */
		DE7D55AE2B750BB50060BE42 /* Project object */ = {
			isa = PBXProject;
			attributes = {
				BuildIndependentTargetsInParallel = 1;
				LastSwiftUpdateCheck = 1510;
				LastUpgradeCheck = 1510;
				TargetAttributes = {
					DE7D55B52B750BB50060BE42 = {
						CreatedOnToolsVersion = 15.1;
					};
				};
			};
			buildConfigurationList = DE7D55B12B750BB50060BE42 /* Build configuration list for PBXProject "WeatherProj" */;
			compatibilityVersion = "Xcode 14.0";
			developmentRegion = en;
			hasScannedForEncodings = 0;
			knownRegions = (
				en,
				Base,
			);
			mainGroup = DE7D55AD2B750BB50060BE42;
			packageReferences = (
				DE7D55D22B750CE00060BE42 /* XCRemoteSwiftPackageReference "SnapKit" */,
				DE7D55D52B750CF50060BE42 /* XCRemoteSwiftPackageReference "Alamofire" */,
				DE7D55D82B750CFC0060BE42 /* XCRemoteSwiftPackageReference "Kingfisher" */,
			);
			productRefGroup = DE7D55B72B750BB50060BE42 /* Products */;
			projectDirPath = "";
			projectRoot = "";
			targets = (
				DE7D55B52B750BB50060BE42 /* WeatherProj */,
			);
		};
/* End PBXProject section */

/* Begin PBXResourcesBuildPhase section */
		DE7D55B42B750BB50060BE42 /* Resources */ = {
			isa = PBXResourcesBuildPhase;
			buildActionMask = 2147483647;
			files = (
				DE7D56192B7B7A0E0060BE42 /* CityList.json in Resources */,
				DE7D55CE2B750BDE0060BE42 /* .gitignore in Resources */,
				DE7D55C62B750BB60060BE42 /* LaunchScreen.storyboard in Resources */,
				DE7D55C32B750BB60060BE42 /* Assets.xcassets in Resources */,
				DE7D55C12B750BB50060BE42 /* Main.storyboard in Resources */,
			);
			runOnlyForDeploymentPostprocessing = 0;
		};
/* End PBXResourcesBuildPhase section */

/* Begin PBXSourcesBuildPhase section */
		DE7D55B22B750BB50060BE42 /* Sources */ = {
			isa = PBXSourcesBuildPhase;
			buildActionMask = 2147483647;
			files = (
				DE7D56052B79034C0060BE42 /* WeatherDaily.swift in Sources */,
				DE7D56072B7B235F0060BE42 /* DailyForecastCollectionViewCell.swift in Sources */,
				DE7D56172B7B6FCF0060BE42 /* CitySearchTableViewCell.swift in Sources */,
				DE7D561D2B7B7A650060BE42 /* CityList.swift in Sources */,
				DE7D55DC2B750D0B0060BE42 /* BaseViewController.swift in Sources */,
				DE7D55BE2B750BB50060BE42 /* ViewController.swift in Sources */,
				DE7D55BA2B750BB50060BE42 /* AppDelegate.swift in Sources */,
				DE7D55E82B750F8E0060BE42 /* UIView+Extension.swift in Sources */,
				DE7D55D02B750BF10060BE42 /* APIKey.swift in Sources */,
				DE7D56092B7B23960060BE42 /* BaseCollectionViewCell.swift in Sources */,
				DE7D55F12B76525C0060BE42 /* WeatherModel.swift in Sources */,
				DE7D56032B78FBCE0060BE42 /* WeatherLabel.swift in Sources */,
				DE7D560B2B7B31C70060BE42 /* DayTableViewCell.swift in Sources */,
				DE7D55EC2B7510DA0060BE42 /* BaseTableViewCell.swift in Sources */,
				DE7D55BC2B750BB50060BE42 /* SceneDelegate.swift in Sources */,
				DE7D56132B7B65FC0060BE42 /* HomeView.swift in Sources */,
				DE7D55E32B750D800060BE42 /* CitySearchViewController.swift in Sources */,
				DE7D56152B7B6F810060BE42 /* CitySearchView.swift in Sources */,
				DE7D55EF2B7650520060BE42 /* OpenWeatherAPIManager.swift in Sources */,
				DE7D55DE2B750D570060BE42 /* HomeViewController.swift in Sources */,
				DE7D56112B7B65D70060BE42 /* BaseView.swift in Sources */,
				DE7D560F2B7B592B0060BE42 /* DayWeatherInfo.swift in Sources */,
				DE7D55E52B750D8A0060BE42 /* MapViewController.swift in Sources */,
			);
			runOnlyForDeploymentPostprocessing = 0;
		};
/* End PBXSourcesBuildPhase section */

/* Begin PBXVariantGroup section */
		DE7D55BF2B750BB50060BE42 /* Main.storyboard */ = {
			isa = PBXVariantGroup;
			children = (
				DE7D55C02B750BB50060BE42 /* Base */,
			);
			name = Main.storyboard;
			sourceTree = "<group>";
		};
		DE7D55C42B750BB60060BE42 /* LaunchScreen.storyboard */ = {
			isa = PBXVariantGroup;
			children = (
				DE7D55C52B750BB60060BE42 /* Base */,
			);
			name = LaunchScreen.storyboard;
			sourceTree = "<group>";
		};
/* End PBXVariantGroup section */

/* Begin XCBuildConfiguration section */
		DE7D55C82B750BB60060BE42 /* Debug */ = {
			isa = XCBuildConfiguration;
			buildSettings = {
				ALWAYS_SEARCH_USER_PATHS = NO;
				ASSETCATALOG_COMPILER_GENERATE_SWIFT_ASSET_SYMBOL_EXTENSIONS = YES;
				CLANG_ANALYZER_NONNULL = YES;
				CLANG_ANALYZER_NUMBER_OBJECT_CONVERSION = YES_AGGRESSIVE;
				CLANG_CXX_LANGUAGE_STANDARD = "gnu++20";
				CLANG_ENABLE_MODULES = YES;
				CLANG_ENABLE_OBJC_ARC = YES;
				CLANG_ENABLE_OBJC_WEAK = YES;
				CLANG_WARN_BLOCK_CAPTURE_AUTORELEASING = YES;
				CLANG_WARN_BOOL_CONVERSION = YES;
				CLANG_WARN_COMMA = YES;
				CLANG_WARN_CONSTANT_CONVERSION = YES;
				CLANG_WARN_DEPRECATED_OBJC_IMPLEMENTATIONS = YES;
				CLANG_WARN_DIRECT_OBJC_ISA_USAGE = YES_ERROR;
				CLANG_WARN_DOCUMENTATION_COMMENTS = YES;
				CLANG_WARN_EMPTY_BODY = YES;
				CLANG_WARN_ENUM_CONVERSION = YES;
				CLANG_WARN_INFINITE_RECURSION = YES;
				CLANG_WARN_INT_CONVERSION = YES;
				CLANG_WARN_NON_LITERAL_NULL_CONVERSION = YES;
				CLANG_WARN_OBJC_IMPLICIT_RETAIN_SELF = YES;
				CLANG_WARN_OBJC_LITERAL_CONVERSION = YES;
				CLANG_WARN_OBJC_ROOT_CLASS = YES_ERROR;
				CLANG_WARN_QUOTED_INCLUDE_IN_FRAMEWORK_HEADER = YES;
				CLANG_WARN_RANGE_LOOP_ANALYSIS = YES;
				CLANG_WARN_STRICT_PROTOTYPES = YES;
				CLANG_WARN_SUSPICIOUS_MOVE = YES;
				CLANG_WARN_UNGUARDED_AVAILABILITY = YES_AGGRESSIVE;
				CLANG_WARN_UNREACHABLE_CODE = YES;
				CLANG_WARN__DUPLICATE_METHOD_MATCH = YES;
				COPY_PHASE_STRIP = NO;
				DEBUG_INFORMATION_FORMAT = dwarf;
				ENABLE_STRICT_OBJC_MSGSEND = YES;
				ENABLE_TESTABILITY = YES;
				ENABLE_USER_SCRIPT_SANDBOXING = YES;
				GCC_C_LANGUAGE_STANDARD = gnu17;
				GCC_DYNAMIC_NO_PIC = NO;
				GCC_NO_COMMON_BLOCKS = YES;
				GCC_OPTIMIZATION_LEVEL = 0;
				GCC_PREPROCESSOR_DEFINITIONS = (
					"DEBUG=1",
					"$(inherited)",
				);
				GCC_WARN_64_TO_32_BIT_CONVERSION = YES;
				GCC_WARN_ABOUT_RETURN_TYPE = YES_ERROR;
				GCC_WARN_UNDECLARED_SELECTOR = YES;
				GCC_WARN_UNINITIALIZED_AUTOS = YES_AGGRESSIVE;
				GCC_WARN_UNUSED_FUNCTION = YES;
				GCC_WARN_UNUSED_VARIABLE = YES;
				IPHONEOS_DEPLOYMENT_TARGET = 17.2;
				LOCALIZATION_PREFERS_STRING_CATALOGS = YES;
				MTL_ENABLE_DEBUG_INFO = INCLUDE_SOURCE;
				MTL_FAST_MATH = YES;
				ONLY_ACTIVE_ARCH = YES;
				SDKROOT = iphoneos;
				SWIFT_ACTIVE_COMPILATION_CONDITIONS = "DEBUG $(inherited)";
				SWIFT_OPTIMIZATION_LEVEL = "-Onone";
			};
			name = Debug;
		};
		DE7D55C92B750BB60060BE42 /* Release */ = {
			isa = XCBuildConfiguration;
			buildSettings = {
				ALWAYS_SEARCH_USER_PATHS = NO;
				ASSETCATALOG_COMPILER_GENERATE_SWIFT_ASSET_SYMBOL_EXTENSIONS = YES;
				CLANG_ANALYZER_NONNULL = YES;
				CLANG_ANALYZER_NUMBER_OBJECT_CONVERSION = YES_AGGRESSIVE;
				CLANG_CXX_LANGUAGE_STANDARD = "gnu++20";
				CLANG_ENABLE_MODULES = YES;
				CLANG_ENABLE_OBJC_ARC = YES;
				CLANG_ENABLE_OBJC_WEAK = YES;
				CLANG_WARN_BLOCK_CAPTURE_AUTORELEASING = YES;
				CLANG_WARN_BOOL_CONVERSION = YES;
				CLANG_WARN_COMMA = YES;
				CLANG_WARN_CONSTANT_CONVERSION = YES;
				CLANG_WARN_DEPRECATED_OBJC_IMPLEMENTATIONS = YES;
				CLANG_WARN_DIRECT_OBJC_ISA_USAGE = YES_ERROR;
				CLANG_WARN_DOCUMENTATION_COMMENTS = YES;
				CLANG_WARN_EMPTY_BODY = YES;
				CLANG_WARN_ENUM_CONVERSION = YES;
				CLANG_WARN_INFINITE_RECURSION = YES;
				CLANG_WARN_INT_CONVERSION = YES;
				CLANG_WARN_NON_LITERAL_NULL_CONVERSION = YES;
				CLANG_WARN_OBJC_IMPLICIT_RETAIN_SELF = YES;
				CLANG_WARN_OBJC_LITERAL_CONVERSION = YES;
				CLANG_WARN_OBJC_ROOT_CLASS = YES_ERROR;
				CLANG_WARN_QUOTED_INCLUDE_IN_FRAMEWORK_HEADER = YES;
				CLANG_WARN_RANGE_LOOP_ANALYSIS = YES;
				CLANG_WARN_STRICT_PROTOTYPES = YES;
				CLANG_WARN_SUSPICIOUS_MOVE = YES;
				CLANG_WARN_UNGUARDED_AVAILABILITY = YES_AGGRESSIVE;
				CLANG_WARN_UNREACHABLE_CODE = YES;
				CLANG_WARN__DUPLICATE_METHOD_MATCH = YES;
				COPY_PHASE_STRIP = NO;
				DEBUG_INFORMATION_FORMAT = "dwarf-with-dsym";
				ENABLE_NS_ASSERTIONS = NO;
				ENABLE_STRICT_OBJC_MSGSEND = YES;
				ENABLE_USER_SCRIPT_SANDBOXING = YES;
				GCC_C_LANGUAGE_STANDARD = gnu17;
				GCC_NO_COMMON_BLOCKS = YES;
				GCC_WARN_64_TO_32_BIT_CONVERSION = YES;
				GCC_WARN_ABOUT_RETURN_TYPE = YES_ERROR;
				GCC_WARN_UNDECLARED_SELECTOR = YES;
				GCC_WARN_UNINITIALIZED_AUTOS = YES_AGGRESSIVE;
				GCC_WARN_UNUSED_FUNCTION = YES;
				GCC_WARN_UNUSED_VARIABLE = YES;
				IPHONEOS_DEPLOYMENT_TARGET = 17.2;
				LOCALIZATION_PREFERS_STRING_CATALOGS = YES;
				MTL_ENABLE_DEBUG_INFO = NO;
				MTL_FAST_MATH = YES;
				SDKROOT = iphoneos;
				SWIFT_COMPILATION_MODE = wholemodule;
				VALIDATE_PRODUCT = YES;
			};
			name = Release;
		};
		DE7D55CB2B750BB60060BE42 /* Debug */ = {
			isa = XCBuildConfiguration;
			buildSettings = {
				ASSETCATALOG_COMPILER_APPICON_NAME = AppIcon;
				ASSETCATALOG_COMPILER_GLOBAL_ACCENT_COLOR_NAME = AccentColor;
				CODE_SIGN_STYLE = Automatic;
				CURRENT_PROJECT_VERSION = 1;
				DEVELOPMENT_TEAM = X32GZ3NKQ8;
				GENERATE_INFOPLIST_FILE = YES;
				INFOPLIST_FILE = WeatherProj/Info.plist;
				INFOPLIST_KEY_UIApplicationSupportsIndirectInputEvents = YES;
				INFOPLIST_KEY_UILaunchStoryboardName = LaunchScreen;
				INFOPLIST_KEY_UIMainStoryboardFile = Main;
				INFOPLIST_KEY_UISupportedInterfaceOrientations_iPad = "UIInterfaceOrientationPortrait UIInterfaceOrientationPortraitUpsideDown UIInterfaceOrientationLandscapeLeft UIInterfaceOrientationLandscapeRight";
				INFOPLIST_KEY_UISupportedInterfaceOrientations_iPhone = "UIInterfaceOrientationPortrait UIInterfaceOrientationLandscapeLeft UIInterfaceOrientationLandscapeRight";
				LD_RUNPATH_SEARCH_PATHS = (
					"$(inherited)",
					"@executable_path/Frameworks",
				);
				MARKETING_VERSION = 1.0;
				PRODUCT_BUNDLE_IDENTIFIER = com.moana.WeatherProj;
				PRODUCT_NAME = "$(TARGET_NAME)";
				SWIFT_EMIT_LOC_STRINGS = YES;
				SWIFT_VERSION = 5.0;
				TARGETED_DEVICE_FAMILY = "1,2";
			};
			name = Debug;
		};
		DE7D55CC2B750BB60060BE42 /* Release */ = {
			isa = XCBuildConfiguration;
			buildSettings = {
				ASSETCATALOG_COMPILER_APPICON_NAME = AppIcon;
				ASSETCATALOG_COMPILER_GLOBAL_ACCENT_COLOR_NAME = AccentColor;
				CODE_SIGN_STYLE = Automatic;
				CURRENT_PROJECT_VERSION = 1;
				DEVELOPMENT_TEAM = X32GZ3NKQ8;
				GENERATE_INFOPLIST_FILE = YES;
				INFOPLIST_FILE = WeatherProj/Info.plist;
				INFOPLIST_KEY_UIApplicationSupportsIndirectInputEvents = YES;
				INFOPLIST_KEY_UILaunchStoryboardName = LaunchScreen;
				INFOPLIST_KEY_UIMainStoryboardFile = Main;
				INFOPLIST_KEY_UISupportedInterfaceOrientations_iPad = "UIInterfaceOrientationPortrait UIInterfaceOrientationPortraitUpsideDown UIInterfaceOrientationLandscapeLeft UIInterfaceOrientationLandscapeRight";
				INFOPLIST_KEY_UISupportedInterfaceOrientations_iPhone = "UIInterfaceOrientationPortrait UIInterfaceOrientationLandscapeLeft UIInterfaceOrientationLandscapeRight";
				LD_RUNPATH_SEARCH_PATHS = (
					"$(inherited)",
					"@executable_path/Frameworks",
				);
				MARKETING_VERSION = 1.0;
				PRODUCT_BUNDLE_IDENTIFIER = com.moana.WeatherProj;
				PRODUCT_NAME = "$(TARGET_NAME)";
				SWIFT_EMIT_LOC_STRINGS = YES;
				SWIFT_VERSION = 5.0;
				TARGETED_DEVICE_FAMILY = "1,2";
			};
			name = Release;
		};
/* End XCBuildConfiguration section */

/* Begin XCConfigurationList section */
		DE7D55B12B750BB50060BE42 /* Build configuration list for PBXProject "WeatherProj" */ = {
			isa = XCConfigurationList;
			buildConfigurations = (
				DE7D55C82B750BB60060BE42 /* Debug */,
				DE7D55C92B750BB60060BE42 /* Release */,
			);
			defaultConfigurationIsVisible = 0;
			defaultConfigurationName = Release;
		};
		DE7D55CA2B750BB60060BE42 /* Build configuration list for PBXNativeTarget "WeatherProj" */ = {
			isa = XCConfigurationList;
			buildConfigurations = (
				DE7D55CB2B750BB60060BE42 /* Debug */,
				DE7D55CC2B750BB60060BE42 /* Release */,
			);
			defaultConfigurationIsVisible = 0;
			defaultConfigurationName = Release;
		};
/* End XCConfigurationList section */

/* Begin XCRemoteSwiftPackageReference section */
		DE7D55D22B750CE00060BE42 /* XCRemoteSwiftPackageReference "SnapKit" */ = {
			isa = XCRemoteSwiftPackageReference;
			repositoryURL = "https://github.com/SnapKit/SnapKit.git";
			requirement = {
				kind = upToNextMajorVersion;
				minimumVersion = 5.7.0;
			};
		};
		DE7D55D52B750CF50060BE42 /* XCRemoteSwiftPackageReference "Alamofire" */ = {
			isa = XCRemoteSwiftPackageReference;
			repositoryURL = "https://github.com/Alamofire/Alamofire";
			requirement = {
				kind = upToNextMajorVersion;
				minimumVersion = 5.8.1;
			};
		};
		DE7D55D82B750CFC0060BE42 /* XCRemoteSwiftPackageReference "Kingfisher" */ = {
			isa = XCRemoteSwiftPackageReference;
			repositoryURL = "https://github.com/onevcat/Kingfisher";
			requirement = {
				kind = upToNextMajorVersion;
				minimumVersion = 7.10.2;
			};
		};
/* End XCRemoteSwiftPackageReference section */

/* Begin XCSwiftPackageProductDependency section */
		DE7D55D32B750CE00060BE42 /* SnapKit */ = {
			isa = XCSwiftPackageProductDependency;
			package = DE7D55D22B750CE00060BE42 /* XCRemoteSwiftPackageReference "SnapKit" */;
			productName = SnapKit;
		};
		DE7D55D62B750CF50060BE42 /* Alamofire */ = {
			isa = XCSwiftPackageProductDependency;
			package = DE7D55D52B750CF50060BE42 /* XCRemoteSwiftPackageReference "Alamofire" */;
			productName = Alamofire;
		};
		DE7D55D92B750CFC0060BE42 /* Kingfisher */ = {
			isa = XCSwiftPackageProductDependency;
			package = DE7D55D82B750CFC0060BE42 /* XCRemoteSwiftPackageReference "Kingfisher" */;
			productName = Kingfisher;
		};
/* End XCSwiftPackageProductDependency section */
	};
	rootObject = DE7D55AE2B750BB50060BE42 /* Project object */;
}
